Microsoft Visual Studio Solution File, Format Version 12.00
# Visual Studio Version 16
VisualStudioVersion = 16.0.29709.97
MinimumVisualStudioVersion = 10.0.40219.1
Project("{9A19103F-16F7-4668-BE54-9A1E7A4F7556}") = "FlutnetNotes.ServiceLibrary", "FlutnetNotes.ServiceLibrary\FlutnetNotes.ServiceLibrary.csproj", "{35F69F5A-5AE2-404C-9580-61B749C30D02}"
EndProject
Project("{FAE04EC0-301F-11D3-BF4B-00C04F79EFBC}") = "FlutnetNotes.ModuleInterop.Android", "FlutnetNotes.ModuleInterop.Android\FlutnetNotes.ModuleInterop.Android.csproj", "{E249670B-C268-4313-ADCA-6E3F8DDCF831}"
EndProject
Project("{FAE04EC0-301F-11D3-BF4B-00C04F79EFBC}") = "FlutnetNotes.Android", "FlutnetNotes.Android\FlutnetNotes.Android.csproj", "{30BD8CFD-0CCE-4D15-BB23-93590F3FAB9D}"
EndProject
Project("{FAE04EC0-301F-11D3-BF4B-00C04F79EFBC}") = "FlutnetNotes.iOS", "FlutnetNotes.iOS\FlutnetNotes.iOS.csproj", "{A52EB741-1557-498E-BCEC-4055BAEDE458}"
EndProject
Global
	GlobalSection(SolutionConfigurationPlatforms) = preSolution
		Debug|Any CPU = Debug|Any CPU
		Debug|iPhone = Debug|iPhone
		Debug|iPhoneSimulator = Debug|iPhoneSimulator
		Release|Any CPU = Release|Any CPU
		Release|iPhone = Release|iPhone
		Release|iPhoneSimulator = Release|iPhoneSimulator
	EndGlobalSection
	GlobalSection(ProjectConfigurationPlatforms) = postSolution
		{35F69F5A-5AE2-404C-9580-61B749C30D02}.Debug|Any CPU.ActiveCfg = Debug|Any CPU
		{35F69F5A-5AE2-404C-9580-61B749C30D02}.Debug|Any CPU.Build.0 = Debug|Any CPU
		{35F69F5A-5AE2-404C-9580-61B749C30D02}.Debug|iPhone.ActiveCfg = Debug|Any CPU
		{35F69F5A-5AE2-404C-9580-61B749C30D02}.Debug|iPhone.Build.0 = Debug|Any CPU
		{35F69F5A-5AE2-404C-9580-61B749C30D02}.Debug|iPhoneSimulator.ActiveCfg = Debug|Any CPU
		{35F69F5A-5AE2-404C-9580-61B749C30D02}.Debug|iPhoneSimulator.Build.0 = Debug|Any CPU
		{35F69F5A-5AE2-404C-9580-61B749C30D02}.Release|Any CPU.ActiveCfg = Release|Any CPU
		{35F69F5A-5AE2-404C-9580-61B749C30D02}.Release|Any CPU.Build.0 = Release|Any CPU
		{35F69F5A-5AE2-404C-9580-61B749C30D02}.Release|iPhone.ActiveCfg = Release|Any CPU
		{35F69F5A-5AE2-404C-9580-61B749C30D02}.Release|iPhone.Build.0 = Release|Any CPU
		{35F69F5A-5AE2-404C-9580-61B749C30D02}.Release|iPhoneSimulator.ActiveCfg = Release|Any CPU
		{35F69F5A-5AE2-404C-9580-61B749C30D02}.Release|iPhoneSimulator.Build.0 = Release|Any CPU
		{E249670B-C268-4313-ADCA-6E3F8DDCF831}.Debug|Any CPU.ActiveCfg = Debug|Any CPU
		{E249670B-C268-4313-ADCA-6E3F8DDCF831}.Debug|Any CPU.Build.0 = Debug|Any CPU
		{E249670B-C268-4313-ADCA-6E3F8DDCF831}.Debug|iPhone.ActiveCfg = Debug|Any CPU
		{E249670B-C268-4313-ADCA-6E3F8DDCF831}.Debug|iPhone.Build.0 = Debug|Any CPU
		{E249670B-C268-4313-ADCA-6E3F8DDCF831}.Debug|iPhoneSimulator.ActiveCfg = Debug|Any CPU
		{E249670B-C268-4313-ADCA-6E3F8DDCF831}.Debug|iPhoneSimulator.Build.0 = Debug|Any CPU
		{E249670B-C268-4313-ADCA-6E3F8DDCF831}.Release|Any CPU.ActiveCfg = Release|Any CPU
		{E249670B-C268-4313-ADCA-6E3F8DDCF831}.Release|Any CPU.Build.0 = Release|Any CPU
		{E249670B-C268-4313-ADCA-6E3F8DDCF831}.Release|iPhone.ActiveCfg = Release|Any CPU
		{E249670B-C268-4313-ADCA-6E3F8DDCF831}.Release|iPhone.Build.0 = Release|Any CPU
		{E249670B-C268-4313-ADCA-6E3F8DDCF831}.Release|iPhoneSimulator.ActiveCfg = Release|Any CPU
		{E249670B-C268-4313-ADCA-6E3F8DDCF831}.Release|iPhoneSimulator.Build.0 = Release|Any CPU
		{30BD8CFD-0CCE-4D15-BB23-93590F3FAB9D}.Debug|Any CPU.ActiveCfg = Debug|Any CPU
		{30BD8CFD-0CCE-4D15-BB23-93590F3FAB9D}.Debug|Any CPU.Build.0 = Debug|Any CPU
		{30BD8CFD-0CCE-4D15-BB23-93590F3FAB9D}.Debug|Any CPU.Deploy.0 = Debug|Any CPU
		{30BD8CFD-0CCE-4D15-BB23-93590F3FAB9D}.Debug|iPhone.ActiveCfg = Debug|Any CPU
		{30BD8CFD-0CCE-4D15-BB23-93590F3FAB9D}.Debug|iPhone.Build.0 = Debug|Any CPU
		{30BD8CFD-0CCE-4D15-BB23-93590F3FAB9D}.Debug|iPhone.Deploy.0 = Debug|Any CPU
		{30BD8CFD-0CCE-4D15-BB23-93590F3FAB9D}.Debug|iPhoneSimulator.ActiveCfg = Debug|Any CPU
		{30BD8CFD-0CCE-4D15-BB23-93590F3FAB9D}.Debug|iPhoneSimulator.Build.0 = Debug|Any CPU
		{30BD8CFD-0CCE-4D15-BB23-93590F3FAB9D}.Debug|iPhoneSimulator.Deploy.0 = Debug|Any CPU
		{30BD8CFD-0CCE-4D15-BB23-93590F3FAB9D}.Release|Any CPU.ActiveCfg = Release|Any CPU
		{30BD8CFD-0CCE-4D15-BB23-93590F3FAB9D}.Release|Any CPU.Build.0 = Release|Any CPU
		{30BD8CFD-0CCE-4D15-BB23-93590F3FAB9D}.Release|Any CPU.Deploy.0 = Release|Any CPU
		{30BD8CFD-0CCE-4D15-BB23-93590F3FAB9D}.Release|iPhone.ActiveCfg = Release|Any CPU
		{30BD8CFD-0CCE-4D15-BB23-93590F3FAB9D}.Release|iPhone.Build.0 = Release|Any CPU
		{30BD8CFD-0CCE-4D15-BB23-93590F3FAB9D}.Release|iPhone.Deploy.0 = Release|Any CPU
		{30BD8CFD-0CCE-4D15-BB23-93590F3FAB9D}.Release|iPhoneSimulator.ActiveCfg = Release|Any CPU
		{30BD8CFD-0CCE-4D15-BB23-93590F3FAB9D}.Release|iPhoneSimulator.Build.0 = Release|Any CPU
		{30BD8CFD-0CCE-4D15-BB23-93590F3FAB9D}.Release|iPhoneSimulator.Deploy.0 = Release|Any CPU
		{A52EB741-1557-498E-BCEC-4055BAEDE458}.Debug|Any CPU.ActiveCfg = Debug|iPhone
		{A52EB741-1557-498E-BCEC-4055BAEDE458}.Debug|iPhone.ActiveCfg = Debug|iPhone
		{A52EB741-1557-498E-BCEC-4055BAEDE458}.Debug|iPhone.Build.0 = Debug|iPhone
		{A52EB741-1557-498E-BCEC-4055BAEDE458}.Debug|iPhoneSimulator.ActiveCfg = Debug|iPhoneSimulator
		{A52EB741-1557-498E-BCEC-4055BAEDE458}.Debug|iPhoneSimulator.Build.0 = Debug|iPhoneSimulator
		{A52EB741-1557-498E-BCEC-4055BAEDE458}.Release|Any CPU.ActiveCfg = Release|iPhone
		{A52EB741-1557-498E-BCEC-4055BAEDE458}.Release|iPhone.ActiveCfg = Release|iPhone
		{A52EB741-1557-498E-BCEC-4055BAEDE458}.Release|iPhone.Build.0 = Release|iPhone
		{A52EB741-1557-498E-BCEC-4055BAEDE458}.Release|iPhoneSimulator.ActiveCfg = Release|iPhoneSimulator
		{A52EB741-1557-498E-BCEC-4055BAEDE458}.Release|iPhoneSimulator.Build.0 = Release|iPhoneSimulator
	EndGlobalSection
	GlobalSection(SolutionProperties) = preSolution
		HideSolutionNode = FALSE
	EndGlobalSection
	GlobalSection(ExtensibilityGlobals) = postSolution
		SolutionGuid = {E6FA277C-A268-4E72-9BB1-5FA56BFF1805}
	EndGlobalSection
EndGlobal
