Microsoft Visual Studio Solution File, Format Version 12.00
# Visual Studio Version 16
VisualStudioVersion = 16.0.29709.97
MinimumVisualStudioVersion = 10.0.40219.1
Project("{9A19103F-16F7-4668-BE54-9A1E7A4F7556}") = "FlutnetCounter.ServiceLibrary", "FlutnetCounter.ServiceLibrary\FlutnetCounter.ServiceLibrary.csproj", "{35F69F5A-5AE2-404C-9580-61B749C30D02}"
EndProject
Project("{FAE04EC0-301F-11D3-BF4B-00C04F79EFBC}") = "FlutnetCounter.ModuleInterop.Android", "FlutnetCounter.ModuleInterop.Android\FlutnetCounter.ModuleInterop.Android.csproj", "{A5B3D3D7-4DFA-469B-AB5D-70E98BEA0ACC}"
EndProject
Project("{FAE04EC0-301F-11D3-BF4B-00C04F79EFBC}") = "FlutnetCounter.Android", "FlutnetCounter.Android\FlutnetCounter.Android.csproj", "{22BF2538-A21B-4635-A0C0-588C78B0A2E6}"
EndProject
Project("{FAE04EC0-301F-11D3-BF4B-00C04F79EFBC}") = "FlutnetCounter.iOS", "FlutnetCounter.iOS\FlutnetCounter.iOS.csproj", "{1B37AF69-DA8B-4718-AEC0-7C3885B5BFEB}"
EndProject
Global
	GlobalSection(SolutionConfigurationPlatforms) = preSolution
		Debug|Any CPU = Debug|Any CPU
		Debug|iPhone = Debug|iPhone
		Debug|iPhoneSimulator = Debug|iPhoneSimulator
		Release|Any CPU = Release|Any CPU
		Release|iPhone = Release|iPhone
		Release|iPhoneSimulator = Release|iPhoneSimulator
	EndGlobalSection
	GlobalSection(ProjectConfigurationPlatforms) = postSolution
		{35F69F5A-5AE2-404C-9580-61B749C30D02}.Debug|Any CPU.ActiveCfg = Debug|Any CPU
		{35F69F5A-5AE2-404C-9580-61B749C30D02}.Debug|Any CPU.Build.0 = Debug|Any CPU
		{35F69F5A-5AE2-404C-9580-61B749C30D02}.Debug|iPhone.ActiveCfg = Debug|Any CPU
		{35F69F5A-5AE2-404C-9580-61B749C30D02}.Debug|iPhone.Build.0 = Debug|Any CPU
		{35F69F5A-5AE2-404C-9580-61B749C30D02}.Debug|iPhoneSimulator.ActiveCfg = Debug|Any CPU
		{35F69F5A-5AE2-404C-9580-61B749C30D02}.Debug|iPhoneSimulator.Build.0 = Debug|Any CPU
		{35F69F5A-5AE2-404C-9580-61B749C30D02}.Release|Any CPU.ActiveCfg = Release|Any CPU
		{35F69F5A-5AE2-404C-9580-61B749C30D02}.Release|Any CPU.Build.0 = Release|Any CPU
		{35F69F5A-5AE2-404C-9580-61B749C30D02}.Release|iPhone.ActiveCfg = Release|Any CPU
		{35F69F5A-5AE2-404C-9580-61B749C30D02}.Release|iPhone.Build.0 = Release|Any CPU
		{35F69F5A-5AE2-404C-9580-61B749C30D02}.Release|iPhoneSimulator.ActiveCfg = Release|Any CPU
		{35F69F5A-5AE2-404C-9580-61B749C30D02}.Release|iPhoneSimulator.Build.0 = Release|Any CPU
		{A5B3D3D7-4DFA-469B-AB5D-70E98BEA0ACC}.Debug|Any CPU.ActiveCfg = Debug|Any CPU
		{A5B3D3D7-4DFA-469B-AB5D-70E98BEA0ACC}.Debug|Any CPU.Build.0 = Debug|Any CPU
		{A5B3D3D7-4DFA-469B-AB5D-70E98BEA0ACC}.Debug|iPhone.ActiveCfg = Debug|Any CPU
		{A5B3D3D7-4DFA-469B-AB5D-70E98BEA0ACC}.Debug|iPhone.Build.0 = Debug|Any CPU
		{A5B3D3D7-4DFA-469B-AB5D-70E98BEA0ACC}.Debug|iPhoneSimulator.ActiveCfg = Debug|Any CPU
		{A5B3D3D7-4DFA-469B-AB5D-70E98BEA0ACC}.Debug|iPhoneSimulator.Build.0 = Debug|Any CPU
		{A5B3D3D7-4DFA-469B-AB5D-70E98BEA0ACC}.Release|Any CPU.ActiveCfg = Release|Any CPU
		{A5B3D3D7-4DFA-469B-AB5D-70E98BEA0ACC}.Release|Any CPU.Build.0 = Release|Any CPU
		{A5B3D3D7-4DFA-469B-AB5D-70E98BEA0ACC}.Release|iPhone.ActiveCfg = Release|Any CPU
		{A5B3D3D7-4DFA-469B-AB5D-70E98BEA0ACC}.Release|iPhone.Build.0 = Release|Any CPU
		{A5B3D3D7-4DFA-469B-AB5D-70E98BEA0ACC}.Release|iPhoneSimulator.ActiveCfg = Release|Any CPU
		{A5B3D3D7-4DFA-469B-AB5D-70E98BEA0ACC}.Release|iPhoneSimulator.Build.0 = Release|Any CPU
		{22BF2538-A21B-4635-A0C0-588C78B0A2E6}.Debug|Any CPU.ActiveCfg = Debug|Any CPU
		{22BF2538-A21B-4635-A0C0-588C78B0A2E6}.Debug|Any CPU.Build.0 = Debug|Any CPU
		{22BF2538-A21B-4635-A0C0-588C78B0A2E6}.Debug|Any CPU.Deploy.0 = Debug|Any CPU
		{22BF2538-A21B-4635-A0C0-588C78B0A2E6}.Debug|iPhone.ActiveCfg = Debug|Any CPU
		{22BF2538-A21B-4635-A0C0-588C78B0A2E6}.Debug|iPhone.Build.0 = Debug|Any CPU
		{22BF2538-A21B-4635-A0C0-588C78B0A2E6}.Debug|iPhone.Deploy.0 = Debug|Any CPU
		{22BF2538-A21B-4635-A0C0-588C78B0A2E6}.Debug|iPhoneSimulator.ActiveCfg = Debug|Any CPU
		{22BF2538-A21B-4635-A0C0-588C78B0A2E6}.Debug|iPhoneSimulator.Build.0 = Debug|Any CPU
		{22BF2538-A21B-4635-A0C0-588C78B0A2E6}.Debug|iPhoneSimulator.Deploy.0 = Debug|Any CPU
		{22BF2538-A21B-4635-A0C0-588C78B0A2E6}.Release|Any CPU.ActiveCfg = Release|Any CPU
		{22BF2538-A21B-4635-A0C0-588C78B0A2E6}.Release|Any CPU.Build.0 = Release|Any CPU
		{22BF2538-A21B-4635-A0C0-588C78B0A2E6}.Release|Any CPU.Deploy.0 = Release|Any CPU
		{22BF2538-A21B-4635-A0C0-588C78B0A2E6}.Release|iPhone.ActiveCfg = Release|Any CPU
		{22BF2538-A21B-4635-A0C0-588C78B0A2E6}.Release|iPhone.Build.0 = Release|Any CPU
		{22BF2538-A21B-4635-A0C0-588C78B0A2E6}.Release|iPhone.Deploy.0 = Release|Any CPU
		{22BF2538-A21B-4635-A0C0-588C78B0A2E6}.Release|iPhoneSimulator.ActiveCfg = Release|Any CPU
		{22BF2538-A21B-4635-A0C0-588C78B0A2E6}.Release|iPhoneSimulator.Build.0 = Release|Any CPU
		{22BF2538-A21B-4635-A0C0-588C78B0A2E6}.Release|iPhoneSimulator.Deploy.0 = Release|Any CPU
		{1B37AF69-DA8B-4718-AEC0-7C3885B5BFEB}.Debug|Any CPU.ActiveCfg = Debug|iPhone
		{1B37AF69-DA8B-4718-AEC0-7C3885B5BFEB}.Debug|iPhone.ActiveCfg = Debug|iPhone
		{1B37AF69-DA8B-4718-AEC0-7C3885B5BFEB}.Debug|iPhone.Build.0 = Debug|iPhone
		{1B37AF69-DA8B-4718-AEC0-7C3885B5BFEB}.Debug|iPhoneSimulator.ActiveCfg = Debug|iPhoneSimulator
		{1B37AF69-DA8B-4718-AEC0-7C3885B5BFEB}.Debug|iPhoneSimulator.Build.0 = Debug|iPhoneSimulator
		{1B37AF69-DA8B-4718-AEC0-7C3885B5BFEB}.Release|Any CPU.ActiveCfg = Release|iPhone
		{1B37AF69-DA8B-4718-AEC0-7C3885B5BFEB}.Release|iPhone.ActiveCfg = Release|iPhone
		{1B37AF69-DA8B-4718-AEC0-7C3885B5BFEB}.Release|iPhone.Build.0 = Release|iPhone
		{1B37AF69-DA8B-4718-AEC0-7C3885B5BFEB}.Release|iPhoneSimulator.ActiveCfg = Release|iPhoneSimulator
		{1B37AF69-DA8B-4718-AEC0-7C3885B5BFEB}.Release|iPhoneSimulator.Build.0 = Release|iPhoneSimulator
	EndGlobalSection
	GlobalSection(SolutionProperties) = preSolution
		HideSolutionNode = FALSE
	EndGlobalSection
	GlobalSection(ExtensibilityGlobals) = postSolution
		SolutionGuid = {E6FA277C-A268-4E72-9BB1-5FA56BFF1805}
	EndGlobalSection
EndGlobal
