Microsoft Visual Studio Solution File, Format Version 12.00
# Visual Studio Version 16
VisualStudioVersion = 16.0.29709.97
MinimumVisualStudioVersion = 10.0.40219.1
Project("{9A19103F-16F7-4668-BE54-9A1E7A4F7556}") = "FlutnetVideoPlayer.ServiceLibrary", "FlutnetVideoPlayer.ServiceLibrary\FlutnetVideoPlayer.ServiceLibrary.csproj", "{35F69F5A-5AE2-404C-9580-61B749C30D02}"
EndProject
Project("{FAE04EC0-301F-11D3-BF4B-00C04F79EFBC}") = "FlutnetVideoPlayer.ModuleInterop.Android", "FlutnetVideoPlayer.ModuleInterop.Android\FlutnetVideoPlayer.ModuleInterop.Android.csproj", "{E928BD25-DF77-463F-9EDE-77F0CE502136}"
EndProject
Project("{FAE04EC0-301F-11D3-BF4B-00C04F79EFBC}") = "FlutnetVideoPlayer.Android", "FlutnetVideoPlayer.Android\FlutnetVideoPlayer.Android.csproj", "{9A664DF8-85A0-45FF-ABB2-7F524F5A0AC6}"
EndProject
Project("{FAE04EC0-301F-11D3-BF4B-00C04F79EFBC}") = "FlutnetVideoPlayer.iOS", "FlutnetVideoPlayer.iOS\FlutnetVideoPlayer.iOS.csproj", "{F2CF894C-1CB3-4331-9089-F59E29931710}"
EndProject
Project("{FAE04EC0-301F-11D3-BF4B-00C04F79EFBC}") = "FlutnetVideoPlayer.PluginInterop.iOS", "FlutnetVideoPlayer.PluginInterop.iOS\FlutnetVideoPlayer.PluginInterop.iOS.csproj", "{286483AF-95DA-49B1-BE10-A6BC0B1309D9}"
EndProject
Global
	GlobalSection(SolutionConfigurationPlatforms) = preSolution
		Debug|Any CPU = Debug|Any CPU
		Debug|iPhone = Debug|iPhone
		Debug|iPhoneSimulator = Debug|iPhoneSimulator
		Release|Any CPU = Release|Any CPU
		Release|iPhone = Release|iPhone
		Release|iPhoneSimulator = Release|iPhoneSimulator
	EndGlobalSection
	GlobalSection(ProjectConfigurationPlatforms) = postSolution
		{35F69F5A-5AE2-404C-9580-61B749C30D02}.Debug|Any CPU.ActiveCfg = Debug|Any CPU
		{35F69F5A-5AE2-404C-9580-61B749C30D02}.Debug|Any CPU.Build.0 = Debug|Any CPU
		{35F69F5A-5AE2-404C-9580-61B749C30D02}.Debug|iPhone.ActiveCfg = Debug|Any CPU
		{35F69F5A-5AE2-404C-9580-61B749C30D02}.Debug|iPhone.Build.0 = Debug|Any CPU
		{35F69F5A-5AE2-404C-9580-61B749C30D02}.Debug|iPhoneSimulator.ActiveCfg = Debug|Any CPU
		{35F69F5A-5AE2-404C-9580-61B749C30D02}.Debug|iPhoneSimulator.Build.0 = Debug|Any CPU
		{35F69F5A-5AE2-404C-9580-61B749C30D02}.Release|Any CPU.ActiveCfg = Release|Any CPU
		{35F69F5A-5AE2-404C-9580-61B749C30D02}.Release|Any CPU.Build.0 = Release|Any CPU
		{35F69F5A-5AE2-404C-9580-61B749C30D02}.Release|iPhone.ActiveCfg = Release|Any CPU
		{35F69F5A-5AE2-404C-9580-61B749C30D02}.Release|iPhone.Build.0 = Release|Any CPU
		{35F69F5A-5AE2-404C-9580-61B749C30D02}.Release|iPhoneSimulator.ActiveCfg = Release|Any CPU
		{35F69F5A-5AE2-404C-9580-61B749C30D02}.Release|iPhoneSimulator.Build.0 = Release|Any CPU
		{E928BD25-DF77-463F-9EDE-77F0CE502136}.Debug|Any CPU.ActiveCfg = Debug|Any CPU
		{E928BD25-DF77-463F-9EDE-77F0CE502136}.Debug|Any CPU.Build.0 = Debug|Any CPU
		{E928BD25-DF77-463F-9EDE-77F0CE502136}.Debug|iPhone.ActiveCfg = Debug|Any CPU
		{E928BD25-DF77-463F-9EDE-77F0CE502136}.Debug|iPhone.Build.0 = Debug|Any CPU
		{E928BD25-DF77-463F-9EDE-77F0CE502136}.Debug|iPhoneSimulator.ActiveCfg = Debug|Any CPU
		{E928BD25-DF77-463F-9EDE-77F0CE502136}.Debug|iPhoneSimulator.Build.0 = Debug|Any CPU
		{E928BD25-DF77-463F-9EDE-77F0CE502136}.Release|Any CPU.ActiveCfg = Release|Any CPU
		{E928BD25-DF77-463F-9EDE-77F0CE502136}.Release|Any CPU.Build.0 = Release|Any CPU
		{E928BD25-DF77-463F-9EDE-77F0CE502136}.Release|iPhone.ActiveCfg = Release|Any CPU
		{E928BD25-DF77-463F-9EDE-77F0CE502136}.Release|iPhone.Build.0 = Release|Any CPU
		{E928BD25-DF77-463F-9EDE-77F0CE502136}.Release|iPhoneSimulator.ActiveCfg = Release|Any CPU
		{E928BD25-DF77-463F-9EDE-77F0CE502136}.Release|iPhoneSimulator.Build.0 = Release|Any CPU
		{9A664DF8-85A0-45FF-ABB2-7F524F5A0AC6}.Debug|Any CPU.ActiveCfg = Debug|Any CPU
		{9A664DF8-85A0-45FF-ABB2-7F524F5A0AC6}.Debug|Any CPU.Build.0 = Debug|Any CPU
		{9A664DF8-85A0-45FF-ABB2-7F524F5A0AC6}.Debug|Any CPU.Deploy.0 = Debug|Any CPU
		{9A664DF8-85A0-45FF-ABB2-7F524F5A0AC6}.Debug|iPhone.ActiveCfg = Debug|Any CPU
		{9A664DF8-85A0-45FF-ABB2-7F524F5A0AC6}.Debug|iPhone.Build.0 = Debug|Any CPU
		{9A664DF8-85A0-45FF-ABB2-7F524F5A0AC6}.Debug|iPhone.Deploy.0 = Debug|Any CPU
		{9A664DF8-85A0-45FF-ABB2-7F524F5A0AC6}.Debug|iPhoneSimulator.ActiveCfg = Debug|Any CPU
		{9A664DF8-85A0-45FF-ABB2-7F524F5A0AC6}.Debug|iPhoneSimulator.Build.0 = Debug|Any CPU
		{9A664DF8-85A0-45FF-ABB2-7F524F5A0AC6}.Debug|iPhoneSimulator.Deploy.0 = Debug|Any CPU
		{9A664DF8-85A0-45FF-ABB2-7F524F5A0AC6}.Release|Any CPU.ActiveCfg = Release|Any CPU
		{9A664DF8-85A0-45FF-ABB2-7F524F5A0AC6}.Release|Any CPU.Build.0 = Release|Any CPU
		{9A664DF8-85A0-45FF-ABB2-7F524F5A0AC6}.Release|Any CPU.Deploy.0 = Release|Any CPU
		{9A664DF8-85A0-45FF-ABB2-7F524F5A0AC6}.Release|iPhone.ActiveCfg = Release|Any CPU
		{9A664DF8-85A0-45FF-ABB2-7F524F5A0AC6}.Release|iPhone.Build.0 = Release|Any CPU
		{9A664DF8-85A0-45FF-ABB2-7F524F5A0AC6}.Release|iPhone.Deploy.0 = Release|Any CPU
		{9A664DF8-85A0-45FF-ABB2-7F524F5A0AC6}.Release|iPhoneSimulator.ActiveCfg = Release|Any CPU
		{9A664DF8-85A0-45FF-ABB2-7F524F5A0AC6}.Release|iPhoneSimulator.Build.0 = Release|Any CPU
		{9A664DF8-85A0-45FF-ABB2-7F524F5A0AC6}.Release|iPhoneSimulator.Deploy.0 = Release|Any CPU
		{F2CF894C-1CB3-4331-9089-F59E29931710}.Debug|Any CPU.ActiveCfg = Debug|iPhone
		{F2CF894C-1CB3-4331-9089-F59E29931710}.Debug|iPhone.ActiveCfg = Debug|iPhone
		{F2CF894C-1CB3-4331-9089-F59E29931710}.Debug|iPhone.Build.0 = Debug|iPhone
		{F2CF894C-1CB3-4331-9089-F59E29931710}.Debug|iPhoneSimulator.ActiveCfg = Debug|iPhoneSimulator
		{F2CF894C-1CB3-4331-9089-F59E29931710}.Debug|iPhoneSimulator.Build.0 = Debug|iPhoneSimulator
		{F2CF894C-1CB3-4331-9089-F59E29931710}.Release|Any CPU.ActiveCfg = Release|iPhone
		{F2CF894C-1CB3-4331-9089-F59E29931710}.Release|iPhone.ActiveCfg = Release|iPhone
		{F2CF894C-1CB3-4331-9089-F59E29931710}.Release|iPhone.Build.0 = Release|iPhone
		{F2CF894C-1CB3-4331-9089-F59E29931710}.Release|iPhoneSimulator.ActiveCfg = Release|iPhoneSimulator
		{F2CF894C-1CB3-4331-9089-F59E29931710}.Release|iPhoneSimulator.Build.0 = Release|iPhoneSimulator
		{286483AF-95DA-49B1-BE10-A6BC0B1309D9}.Debug|Any CPU.ActiveCfg = Debug|Any CPU
		{286483AF-95DA-49B1-BE10-A6BC0B1309D9}.Debug|Any CPU.Build.0 = Debug|Any CPU
		{286483AF-95DA-49B1-BE10-A6BC0B1309D9}.Debug|iPhone.ActiveCfg = Debug|Any CPU
		{286483AF-95DA-49B1-BE10-A6BC0B1309D9}.Debug|iPhone.Build.0 = Debug|Any CPU
		{286483AF-95DA-49B1-BE10-A6BC0B1309D9}.Debug|iPhoneSimulator.ActiveCfg = Debug|Any CPU
		{286483AF-95DA-49B1-BE10-A6BC0B1309D9}.Debug|iPhoneSimulator.Build.0 = Debug|Any CPU
		{286483AF-95DA-49B1-BE10-A6BC0B1309D9}.Release|Any CPU.ActiveCfg = Release|Any CPU
		{286483AF-95DA-49B1-BE10-A6BC0B1309D9}.Release|Any CPU.Build.0 = Release|Any CPU
		{286483AF-95DA-49B1-BE10-A6BC0B1309D9}.Release|iPhone.ActiveCfg = Release|Any CPU
		{286483AF-95DA-49B1-BE10-A6BC0B1309D9}.Release|iPhone.Build.0 = Release|Any CPU
		{286483AF-95DA-49B1-BE10-A6BC0B1309D9}.Release|iPhoneSimulator.ActiveCfg = Release|Any CPU
		{286483AF-95DA-49B1-BE10-A6BC0B1309D9}.Release|iPhoneSimulator.Build.0 = Release|Any CPU
	EndGlobalSection
	GlobalSection(SolutionProperties) = preSolution
		HideSolutionNode = FALSE
	EndGlobalSection
	GlobalSection(ExtensibilityGlobals) = postSolution
		SolutionGuid = {E6FA277C-A268-4E72-9BB1-5FA56BFF1805}
	EndGlobalSection
EndGlobal
