Microsoft Visual Studio Solution File, Format Version 12.00
# Visual Studio Version 16
VisualStudioVersion = 16.0.29709.97
MinimumVisualStudioVersion = 10.0.40219.1
Project("{9A19103F-16F7-4668-BE54-9A1E7A4F7556}") = "FlutnetFlare.ServiceLibrary", "FlutnetFlare.ServiceLibrary\FlutnetFlare.ServiceLibrary.csproj", "{35F69F5A-5AE2-404C-9580-61B749C30D02}"
EndProject
Project("{FAE04EC0-301F-11D3-BF4B-00C04F79EFBC}") = "FlutnetFlare.ModuleInterop.Android", "FlutnetFlare.ModuleInterop.Android\FlutnetFlare.ModuleInterop.Android.csproj", "{D8DAD138-10C0-4998-BD94-82BC3B009F71}"
EndProject
Project("{FAE04EC0-301F-11D3-BF4B-00C04F79EFBC}") = "FlutnetFlare.Android", "FlutnetFlare.Android\FlutnetFlare.Android.csproj", "{93004728-9F56-4FB2-A9C6-54287844047E}"
EndProject
Project("{FAE04EC0-301F-11D3-BF4B-00C04F79EFBC}") = "FlutnetFlare.iOS", "FlutnetFlare.iOS\FlutnetFlare.iOS.csproj", "{EC861281-339D-4272-8815-F8C7E3A58BE1}"
EndProject
Global
	GlobalSection(SolutionConfigurationPlatforms) = preSolution
		Debug|Any CPU = Debug|Any CPU
		Debug|iPhone = Debug|iPhone
		Debug|iPhoneSimulator = Debug|iPhoneSimulator
		Release|Any CPU = Release|Any CPU
		Release|iPhone = Release|iPhone
		Release|iPhoneSimulator = Release|iPhoneSimulator
	EndGlobalSection
	GlobalSection(ProjectConfigurationPlatforms) = postSolution
		{35F69F5A-5AE2-404C-9580-61B749C30D02}.Debug|Any CPU.ActiveCfg = Debug|Any CPU
		{35F69F5A-5AE2-404C-9580-61B749C30D02}.Debug|Any CPU.Build.0 = Debug|Any CPU
		{35F69F5A-5AE2-404C-9580-61B749C30D02}.Debug|iPhone.ActiveCfg = Debug|Any CPU
		{35F69F5A-5AE2-404C-9580-61B749C30D02}.Debug|iPhone.Build.0 = Debug|Any CPU
		{35F69F5A-5AE2-404C-9580-61B749C30D02}.Debug|iPhoneSimulator.ActiveCfg = Debug|Any CPU
		{35F69F5A-5AE2-404C-9580-61B749C30D02}.Debug|iPhoneSimulator.Build.0 = Debug|Any CPU
		{35F69F5A-5AE2-404C-9580-61B749C30D02}.Release|Any CPU.ActiveCfg = Release|Any CPU
		{35F69F5A-5AE2-404C-9580-61B749C30D02}.Release|Any CPU.Build.0 = Release|Any CPU
		{35F69F5A-5AE2-404C-9580-61B749C30D02}.Release|iPhone.ActiveCfg = Release|Any CPU
		{35F69F5A-5AE2-404C-9580-61B749C30D02}.Release|iPhone.Build.0 = Release|Any CPU
		{35F69F5A-5AE2-404C-9580-61B749C30D02}.Release|iPhoneSimulator.ActiveCfg = Release|Any CPU
		{35F69F5A-5AE2-404C-9580-61B749C30D02}.Release|iPhoneSimulator.Build.0 = Release|Any CPU
		{D8DAD138-10C0-4998-BD94-82BC3B009F71}.Debug|Any CPU.ActiveCfg = Debug|Any CPU
		{D8DAD138-10C0-4998-BD94-82BC3B009F71}.Debug|Any CPU.Build.0 = Debug|Any CPU
		{D8DAD138-10C0-4998-BD94-82BC3B009F71}.Debug|iPhone.ActiveCfg = Debug|Any CPU
		{D8DAD138-10C0-4998-BD94-82BC3B009F71}.Debug|iPhone.Build.0 = Debug|Any CPU
		{D8DAD138-10C0-4998-BD94-82BC3B009F71}.Debug|iPhoneSimulator.ActiveCfg = Debug|Any CPU
		{D8DAD138-10C0-4998-BD94-82BC3B009F71}.Debug|iPhoneSimulator.Build.0 = Debug|Any CPU
		{D8DAD138-10C0-4998-BD94-82BC3B009F71}.Release|Any CPU.ActiveCfg = Release|Any CPU
		{D8DAD138-10C0-4998-BD94-82BC3B009F71}.Release|Any CPU.Build.0 = Release|Any CPU
		{D8DAD138-10C0-4998-BD94-82BC3B009F71}.Release|iPhone.ActiveCfg = Release|Any CPU
		{D8DAD138-10C0-4998-BD94-82BC3B009F71}.Release|iPhone.Build.0 = Release|Any CPU
		{D8DAD138-10C0-4998-BD94-82BC3B009F71}.Release|iPhoneSimulator.ActiveCfg = Release|Any CPU
		{D8DAD138-10C0-4998-BD94-82BC3B009F71}.Release|iPhoneSimulator.Build.0 = Release|Any CPU
		{93004728-9F56-4FB2-A9C6-54287844047E}.Debug|Any CPU.ActiveCfg = Debug|Any CPU
		{93004728-9F56-4FB2-A9C6-54287844047E}.Debug|Any CPU.Build.0 = Debug|Any CPU
		{93004728-9F56-4FB2-A9C6-54287844047E}.Debug|Any CPU.Deploy.0 = Debug|Any CPU
		{93004728-9F56-4FB2-A9C6-54287844047E}.Debug|iPhone.ActiveCfg = Debug|Any CPU
		{93004728-9F56-4FB2-A9C6-54287844047E}.Debug|iPhone.Build.0 = Debug|Any CPU
		{93004728-9F56-4FB2-A9C6-54287844047E}.Debug|iPhone.Deploy.0 = Debug|Any CPU
		{93004728-9F56-4FB2-A9C6-54287844047E}.Debug|iPhoneSimulator.ActiveCfg = Debug|Any CPU
		{93004728-9F56-4FB2-A9C6-54287844047E}.Debug|iPhoneSimulator.Build.0 = Debug|Any CPU
		{93004728-9F56-4FB2-A9C6-54287844047E}.Debug|iPhoneSimulator.Deploy.0 = Debug|Any CPU
		{93004728-9F56-4FB2-A9C6-54287844047E}.Release|Any CPU.ActiveCfg = Release|Any CPU
		{93004728-9F56-4FB2-A9C6-54287844047E}.Release|Any CPU.Build.0 = Release|Any CPU
		{93004728-9F56-4FB2-A9C6-54287844047E}.Release|Any CPU.Deploy.0 = Release|Any CPU
		{93004728-9F56-4FB2-A9C6-54287844047E}.Release|iPhone.ActiveCfg = Release|Any CPU
		{93004728-9F56-4FB2-A9C6-54287844047E}.Release|iPhone.Build.0 = Release|Any CPU
		{93004728-9F56-4FB2-A9C6-54287844047E}.Release|iPhone.Deploy.0 = Release|Any CPU
		{93004728-9F56-4FB2-A9C6-54287844047E}.Release|iPhoneSimulator.ActiveCfg = Release|Any CPU
		{93004728-9F56-4FB2-A9C6-54287844047E}.Release|iPhoneSimulator.Build.0 = Release|Any CPU
		{93004728-9F56-4FB2-A9C6-54287844047E}.Release|iPhoneSimulator.Deploy.0 = Release|Any CPU
		{EC861281-339D-4272-8815-F8C7E3A58BE1}.Debug|Any CPU.ActiveCfg = Debug|iPhone
		{EC861281-339D-4272-8815-F8C7E3A58BE1}.Debug|iPhone.ActiveCfg = Debug|iPhone
		{EC861281-339D-4272-8815-F8C7E3A58BE1}.Debug|iPhone.Build.0 = Debug|iPhone
		{EC861281-339D-4272-8815-F8C7E3A58BE1}.Debug|iPhoneSimulator.ActiveCfg = Debug|iPhoneSimulator
		{EC861281-339D-4272-8815-F8C7E3A58BE1}.Debug|iPhoneSimulator.Build.0 = Debug|iPhoneSimulator
		{EC861281-339D-4272-8815-F8C7E3A58BE1}.Release|Any CPU.ActiveCfg = Release|iPhone
		{EC861281-339D-4272-8815-F8C7E3A58BE1}.Release|iPhone.ActiveCfg = Release|iPhone
		{EC861281-339D-4272-8815-F8C7E3A58BE1}.Release|iPhone.Build.0 = Release|iPhone
		{EC861281-339D-4272-8815-F8C7E3A58BE1}.Release|iPhoneSimulator.ActiveCfg = Release|iPhoneSimulator
		{EC861281-339D-4272-8815-F8C7E3A58BE1}.Release|iPhoneSimulator.Build.0 = Release|iPhoneSimulator
	EndGlobalSection
	GlobalSection(SolutionProperties) = preSolution
		HideSolutionNode = FALSE
	EndGlobalSection
	GlobalSection(ExtensibilityGlobals) = postSolution
		SolutionGuid = {E6FA277C-A268-4E72-9BB1-5FA56BFF1805}
	EndGlobalSection
EndGlobal
